Microsoft Visual Studio Solution File, Format Version 12.00
# Visual Studio Version 17
VisualStudioVersion = 17.4.33213.308
MinimumVisualStudioVersion = 10.0.40219.1
Project("{9A19103F-16F7-4668-BE54-9A1E7A4F7556}") = "NR_AutoMachineTool", "NR_AutoMachineTool\NR_AutoMachineTool.csproj", "{421297E9-EC00-4AED-9361-DB350780B598}"
EndProject
Global
	GlobalSection(SolutionConfigurationPlatforms) = preSolution
		Debug|Any CPU = Debug|Any CPU
		Release|Any CPU = Release|Any CPU
	EndGlobalSection
	GlobalSection(ProjectConfigurationPlatforms) = postSolution
		{421297E9-EC00-4AED-9361-DB350780B598}.Debug|Any CPU.ActiveCfg = Debug|Any CPU
		{421297E9-EC00-4AED-9361-DB350780B598}.Debug|Any CPU.Build.0 = Debug|Any CPU
		{421297E9-EC00-4AED-9361-DB350780B598}.Release|Any CPU.ActiveCfg = Release|Any CPU
		{421297E9-EC00-4AED-9361-DB350780B598}.Release|Any CPU.Build.0 = Release|Any CPU
	EndGlobalSection
	GlobalSection(SolutionProperties) = preSolution
		HideSolutionNode = FALSE
	EndGlobalSection
	GlobalSection(ExtensibilityGlobals) = postSolution
		SolutionGuid = {6d3ff928-560d-49bc-809c-f67969d36c54}
	EndGlobalSection
EndGlobal
